
Microsoft Visual Studio Solution File, Format Version 12.00
# Visual Studio Version 17
VisualStudioVersion = 17.11.35327.3
MinimumVisualStudioVersion = 10.0.40219.1
Project("{FAE04EC0-301F-11D3-BF4B-00C04F79EFBC}") = "denemeotel", "denemeotel\denemeotel.csproj", "{490090C4-6F22-449A-9C06-2BC2CE36E535}"
EndProject
Global
	GlobalSection(SolutionConfigurationPlatforms) = preSolution
		Debug|Any CPU = Debug|Any CPU
		Release|Any CPU = Release|Any CPU
	EndGlobalSection
	GlobalSection(ProjectConfigurationPlatforms) = postSolution
		{490090C4-6F22-449A-9C06-2BC2CE36E535}.Debug|Any CPU.ActiveCfg = Debug|Any CPU
		{490090C4-6F22-449A-9C06-2BC2CE36E535}.Debug|Any CPU.Build.0 = Debug|Any CPU
		{490090C4-6F22-449A-9C06-2BC2CE36E535}.Release|Any CPU.ActiveCfg = Release|Any CPU
		{490090C4-6F22-449A-9C06-2BC2CE36E535}.Release|Any CPU.Build.0 = Release|Any CPU
	EndGlobalSection
	GlobalSection(SolutionProperties) = preSolution
		HideSolutionNode = FALSE
	EndGlobalSection
	GlobalSection(ExtensibilityGlobals) = postSolution
		SolutionGuid = {01333AEE-9089-474B-B76B-C523F1747789}
	EndGlobalSection
EndGlobal
